// !$*UTF8*$!
{
	archiveVersion = 1;
	classes = {
	};
	objectVersion = 46;
	objects = {

/* Begin PBXBuildFile section */
		485AD91E1E4FD25200E8B197 /* ColumnView.swift in Sources */ = {isa = PBXBuildFile; fileRef = 485AD91D1E4FD25200E8B197 /* ColumnView.swift */; };
		48BB8A781E5A1BFE00FB13C2 /* NSLayoutConstraint+Multiplier.swift in Sources */ = {isa = PBXBuildFile; fileRef = 48BB8A771E5A1BFE00FB13C2 /* NSLayoutConstraint+Multiplier.swift */; };
		48BB8A7A1E5A2BF900FB13C2 /* DemoColumns.swift in Sources */ = {isa = PBXBuildFile; fileRef = 48BB8A791E5A2BF900FB13C2 /* DemoColumns.swift */; };
		48BB8A7C1E5A2CB700FB13C2 /* DemoLabelController.swift in Sources */ = {isa = PBXBuildFile; fileRef = 48BB8A7B1E5A2CB700FB13C2 /* DemoLabelController.swift */; };
		48EE94C31E4E119C005199CA /* AppDelegate.swift in Sources */ = {isa = PBXBuildFile; fileRef = 48EE94C21E4E119C005199CA /* AppDelegate.swift */; };
		48EE94C51E4E119C005199CA /* ViewController.swift in Sources */ = {isa = PBXBuildFile; fileRef = 48EE94C41E4E119C005199CA /* ViewController.swift */; };
		48EE94C81E4E119C005199CA /* Main.storyboard in Resources */ = {isa = PBXBuildFile; fileRef = 48EE94C61E4E119C005199CA /* Main.storyboard */; };
		48EE94CA1E4E119C005199CA /* Assets.xcassets in Resources */ = {isa = PBXBuildFile; fileRef = 48EE94C91E4E119C005199CA /* Assets.xcassets */; };
		48EE94CD1E4E119C005199CA /* LaunchScreen.storyboard in Resources */ = {isa = PBXBuildFile; fileRef = 48EE94CB1E4E119C005199CA /* LaunchScreen.storyboard */; };
		48EE94D81E4E119C005199CA /* ColumnViewTests.swift in Sources */ = {isa = PBXBuildFile; fileRef = 48EE94D71E4E119C005199CA /* ColumnViewTests.swift */; };
		48EE94E31E4E119C005199CA /* ColumnViewUITests.swift in Sources */ = {isa = PBXBuildFile; fileRef = 48EE94E21E4E119C005199CA /* ColumnViewUITests.swift */; };
		48EE94F11E4E11C0005199CA /* ColumnViewController.swift in Sources */ = {isa = PBXBuildFile; fileRef = 48EE94F01E4E11C0005199CA /* ColumnViewController.swift */; };
		48EE94F31E4E178D005199CA /* Sizable.swift in Sources */ = {isa = PBXBuildFile; fileRef = 48EE94F21E4E178D005199CA /* Sizable.swift */; };
/* End PBXBuildFile section */

/* Begin PBXContainerItemProxy section */
		48EE94D41E4E119C005199CA /* PBXContainerItemProxy */ = {
			isa = PBXContainerItemProxy;
			containerPortal = 48EE94B71E4E119C005199CA /* Project object */;
			proxyType = 1;
			remoteGlobalIDString = 48EE94BE1E4E119C005199CA;
			remoteInfo = ColumnView;
		};
		48EE94DF1E4E119C005199CA /* PBXContainerItemProxy */ = {
			isa = PBXContainerItemProxy;
			containerPortal = 48EE94B71E4E119C005199CA /* Project object */;
			proxyType = 1;
			remoteGlobalIDString = 48EE94BE1E4E119C005199CA;
			remoteInfo = ColumnView;
		};
/* End PBXContainerItemProxy section */

/* Begin PBXFileReference section */
		485AD91D1E4FD25200E8B197 /* ColumnView.swift */ = {isa = PBXFileReference; fileEncoding = 4; lastKnownFileType = sourcecode.swift; path = ColumnView.swift; sourceTree = "<group>"; };
		48BB8A771E5A1BFE00FB13C2 /* NSLayoutConstraint+Multiplier.swift */ = {isa = PBXFileReference; fileEncoding = 4; lastKnownFileType = sourcecode.swift; path = "NSLayoutConstraint+Multiplier.swift"; sourceTree = "<group>"; };
		48BB8A791E5A2BF900FB13C2 /* DemoColumns.swift */ = {isa = PBXFileReference; fileEncoding = 4; lastKnownFileType = sourcecode.swift; path = DemoColumns.swift; sourceTree = "<group>"; };
		48BB8A7B1E5A2CB700FB13C2 /* DemoLabelController.swift */ = {isa = PBXFileReference; fileEncoding = 4; lastKnownFileType = sourcecode.swift; path = DemoLabelController.swift; sourceTree = "<group>"; };
		48EE94BF1E4E119C005199CA /* ColumnView.app */ = {isa = PBXFileReference; explicitFileType = wrapper.application; includeInIndex = 0; path = ColumnView.app; sourceTree = BUILT_PRODUCTS_DIR; };
		48EE94C21E4E119C005199CA /* AppDelegate.swift */ = {isa = PBXFileReference; lastKnownFileType = sourcecode.swift; path = AppDelegate.swift; sourceTree = "<group>"; };
		48EE94C41E4E119C005199CA /* ViewController.swift */ = {isa = PBXFileReference; lastKnownFileType = sourcecode.swift; path = ViewController.swift; sourceTree = "<group>"; };
		48EE94C71E4E119C005199CA /* Base */ = {isa = PBXFileReference; lastKnownFileType = file.storyboard; name = Base; path = Base.lproj/Main.storyboard; sourceTree = "<group>"; };
		48EE94C91E4E119C005199CA /* Assets.xcassets */ = {isa = PBXFileReference; lastKnownFileType = folder.assetcatalog; path = Assets.xcassets; sourceTree = "<group>"; };
		48EE94CC1E4E119C005199CA /* Base */ = {isa = PBXFileReference; lastKnownFileType = file.storyboard; name = Base; path = Base.lproj/LaunchScreen.storyboard; sourceTree = "<group>"; };
		48EE94CE1E4E119C005199CA /* Info.plist */ = {isa = PBXFileReference; lastKnownFileType = text.plist.xml; path = Info.plist; sourceTree = "<group>"; };
		48EE94D31E4E119C005199CA /* ColumnViewTests.xctest */ = {isa = PBXFileReference; explicitFileType = wrapper.cfbundle; includeInIndex = 0; path = ColumnViewTests.xctest; sourceTree = BUILT_PRODUCTS_DIR; };
		48EE94D71E4E119C005199CA /* ColumnViewTests.swift */ = {isa = PBXFileReference; lastKnownFileType = sourcecode.swift; path = ColumnViewTests.swift; sourceTree = "<group>"; };
		48EE94D91E4E119C005199CA /* Info.plist */ = {isa = PBXFileReference; lastKnownFileType = text.plist.xml; path = Info.plist; sourceTree = "<group>"; };
		48EE94DE1E4E119C005199CA /* ColumnViewUITests.xctest */ = {isa = PBXFileReference; explicitFileType = wrapper.cfbundle; includeInIndex = 0; path = ColumnViewUITests.xctest; sourceTree = BUILT_PRODUCTS_DIR; };
		48EE94E21E4E119C005199CA /* ColumnViewUITests.swift */ = {isa = PBXFileReference; lastKnownFileType = sourcecode.swift; path = ColumnViewUITests.swift; sourceTree = "<group>"; };
		48EE94E41E4E119C005199CA /* Info.plist */ = {isa = PBXFileReference; lastKnownFileType = text.plist.xml; path = Info.plist; sourceTree = "<group>"; };
		48EE94F01E4E11C0005199CA /* ColumnViewController.swift */ = {isa = PBXFileReference; fileEncoding = 4; lastKnownFileType = sourcecode.swift; path = ColumnViewController.swift; sourceTree = "<group>"; };
		48EE94F21E4E178D005199CA /* Sizable.swift */ = {isa = PBXFileReference; fileEncoding = 4; lastKnownFileType = sourcecode.swift; path = Sizable.swift; sourceTree = "<group>"; };
/* End PBXFileReference section */

/* Begin PBXFrameworksBuildPhase section */
		48EE94BC1E4E119C005199CA /* Frameworks */ = {
			isa = PBXFrameworksBuildPhase;
			buildActionMask = 2147483647;
			files = (
			);
			runOnlyForDeploymentPostprocessing = 0;
		};
		48EE94D01E4E119C005199CA /* Frameworks */ = {
			isa = PBXFrameworksBuildPhase;
			buildActionMask = 2147483647;
			files = (
			);
			runOnlyForDeploymentPostprocessing = 0;
		};
		48EE94DB1E4E119C005199CA /* Frameworks */ = {
			isa = PBXFrameworksBuildPhase;
			buildActionMask = 2147483647;
			files = (
			);
			runOnlyForDeploymentPostprocessing = 0;
		};
/* End PBXFrameworksBuildPhase section */

/* Begin PBXGroup section */
		48EE94B61E4E119C005199CA = {
			isa = PBXGroup;
			children = (
				48EE94C11E4E119C005199CA /* ColumnView */,
				48EE94D61E4E119C005199CA /* ColumnViewTests */,
				48EE94E11E4E119C005199CA /* ColumnViewUITests */,
				48EE94C01E4E119C005199CA /* Products */,
			);
			sourceTree = "<group>";
		};
		48EE94C01E4E119C005199CA /* Products */ = {
			isa = PBXGroup;
			children = (
				48EE94BF1E4E119C005199CA /* ColumnView.app */,
				48EE94D31E4E119C005199CA /* ColumnViewTests.xctest */,
				48EE94DE1E4E119C005199CA /* ColumnViewUITests.xctest */,
			);
			name = Products;
			sourceTree = "<group>";
		};
		48EE94C11E4E119C005199CA /* ColumnView */ = {
			isa = PBXGroup;
			children = (
				48EE94C21E4E119C005199CA /* AppDelegate.swift */,
				48EE94C41E4E119C005199CA /* ViewController.swift */,
				48EE94C61E4E119C005199CA /* Main.storyboard */,
				48EE94C91E4E119C005199CA /* Assets.xcassets */,
				48EE94CB1E4E119C005199CA /* LaunchScreen.storyboard */,
				48EE94CE1E4E119C005199CA /* Info.plist */,
				48EE94F01E4E11C0005199CA /* ColumnViewController.swift */,
				48BB8A791E5A2BF900FB13C2 /* DemoColumns.swift */,
				48BB8A7B1E5A2CB700FB13C2 /* DemoLabelController.swift */,
				485AD91D1E4FD25200E8B197 /* ColumnView.swift */,
				48EE94F21E4E178D005199CA /* Sizable.swift */,
				48BB8A771E5A1BFE00FB13C2 /* NSLayoutConstraint+Multiplier.swift */,
			);
			path = ColumnView;
			sourceTree = "<group>";
		};
		48EE94D61E4E119C005199CA /* ColumnViewTests */ = {
			isa = PBXGroup;
			children = (
				48EE94D71E4E119C005199CA /* ColumnViewTests.swift */,
				48EE94D91E4E119C005199CA /* Info.plist */,
			);
			path = ColumnViewTests;
			sourceTree = "<group>";
		};
		48EE94E11E4E119C005199CA /* ColumnViewUITests */ = {
			isa = PBXGroup;
			children = (
				48EE94E21E4E119C005199CA /* ColumnViewUITests.swift */,
				48EE94E41E4E119C005199CA /* Info.plist */,
			);
			path = ColumnViewUITests;
			sourceTree = "<group>";
		};
/* End PBXGroup section */

/* Begin PBXNativeTarget section */
		48EE94BE1E4E119C005199CA /* ColumnView */ = {
			isa = PBXNativeTarget;
			buildConfigurationList = 48EE94E71E4E119C005199CA /* Build configuration list for PBXNativeTarget "ColumnView" */;
			buildPhases = (
				48EE94BB1E4E119C005199CA /* Sources */,
				48EE94BC1E4E119C005199CA /* Frameworks */,
				48EE94BD1E4E119C005199CA /* Resources */,
			);
			buildRules = (
			);
			dependencies = (
			);
			name = ColumnView;
			productName = ColumnView;
			productReference = 48EE94BF1E4E119C005199CA /* ColumnView.app */;
			productType = "com.apple.product-type.application";
		};
		48EE94D21E4E119C005199CA /* ColumnViewTests */ = {
			isa = PBXNativeTarget;
			buildConfigurationList = 48EE94EA1E4E119C005199CA /* Build configuration list for PBXNativeTarget "ColumnViewTests" */;
			buildPhases = (
				48EE94CF1E4E119C005199CA /* Sources */,
				48EE94D01E4E119C005199CA /* Frameworks */,
				48EE94D11E4E119C005199CA /* Resources */,
			);
			buildRules = (
			);
			dependencies = (
				48EE94D51E4E119C005199CA /* PBXTargetDependency */,
			);
			name = ColumnViewTests;
			productName = ColumnViewTests;
			productReference = 48EE94D31E4E119C005199CA /* ColumnViewTests.xctest */;
			productType = "com.apple.product-type.bundle.unit-test";
		};
		48EE94DD1E4E119C005199CA /* ColumnViewUITests */ = {
			isa = PBXNativeTarget;
			buildConfigurationList = 48EE94ED1E4E119C005199CA /* Build configuration list for PBXNativeTarget "ColumnViewUITests" */;
			buildPhases = (
				48EE94DA1E4E119C005199CA /* Sources */,
				48EE94DB1E4E119C005199CA /* Frameworks */,
				48EE94DC1E4E119C005199CA /* Resources */,
			);
			buildRules = (
			);
			dependencies = (
				48EE94E01E4E119C005199CA /* PBXTargetDependency */,
			);
			name = ColumnViewUITests;
			productName = ColumnViewUITests;
			productReference = 48EE94DE1E4E119C005199CA /* ColumnViewUITests.xctest */;
			productType = "com.apple.product-type.bundle.ui-testing";
		};
/* End PBXNativeTarget section */

/* Begin PBXProject section */
		48EE94B71E4E119C005199CA /* Project object */ = {
			isa = PBXProject;
			attributes = {
				LastSwiftUpdateCheck = 0830;
				LastUpgradeCheck = 0830;
				ORGANIZATIONNAME = Stegman;
				TargetAttributes = {
					48EE94BE1E4E119C005199CA = {
						CreatedOnToolsVersion = 8.3;
						DevelopmentTeam = 34S7DCU8S9;
						ProvisioningStyle = Automatic;
					};
					48EE94D21E4E119C005199CA = {
						CreatedOnToolsVersion = 8.3;
						DevelopmentTeam = 34S7DCU8S9;
						ProvisioningStyle = Automatic;
						TestTargetID = 48EE94BE1E4E119C005199CA;
					};
					48EE94DD1E4E119C005199CA = {
						CreatedOnToolsVersion = 8.3;
						DevelopmentTeam = 34S7DCU8S9;
						ProvisioningStyle = Automatic;
						TestTargetID = 48EE94BE1E4E119C005199CA;
					};
				};
			};
			buildConfigurationList = 48EE94BA1E4E119C005199CA /* Build configuration list for PBXProject "ColumnView" */;
			compatibilityVersion = "Xcode 3.2";
			developmentRegion = English;
			hasScannedForEncodings = 0;
			knownRegions = (
				en,
				Base,
			);
			mainGroup = 48EE94B61E4E119C005199CA;
			productRefGroup = 48EE94C01E4E119C005199CA /* Products */;
			projectDirPath = "";
			projectRoot = "";
			targets = (
				48EE94BE1E4E119C005199CA /* ColumnView */,
				48EE94D21E4E119C005199CA /* ColumnViewTests */,
				48EE94DD1E4E119C005199CA /* ColumnViewUITests */,
			);
		};
/* End PBXProject section */

/* Begin PBXResourcesBuildPhase section */
		48EE94BD1E4E119C005199CA /* Resources */ = {
			isa = PBXResourcesBuildPhase;
			buildActionMask = 2147483647;
			files = (
				48EE94CD1E4E119C005199CA /* LaunchScreen.storyboard in Resources */,
				48EE94CA1E4E119C005199CA /* Assets.xcassets in Resources */,
				48EE94C81E4E119C005199CA /* Main.storyboard in Resources */,
			);
			runOnlyForDeploymentPostprocessing = 0;
		};
		48EE94D11E4E119C005199CA /* Resources */ = {
			isa = PBXResourcesBuildPhase;
			buildActionMask = 2147483647;
			files = (
			);
			runOnlyForDeploymentPostprocessing = 0;
		};
		48EE94DC1E4E119C005199CA /* Resources */ = {
			isa = PBXResourcesBuildPhase;
			buildActionMask = 2147483647;
			files = (
			);
			runOnlyForDeploymentPostprocessing = 0;
		};
/* End PBXResourcesBuildPhase section */

/* Begin PBXSourcesBuildPhase section */
		48EE94BB1E4E119C005199CA /* Sources */ = {
			isa = PBXSourcesBuildPhase;
			buildActionMask = 2147483647;
			files = (
				48EE94F11E4E11C0005199CA /* ColumnViewController.swift in Sources */,
				485AD91E1E4FD25200E8B197 /* ColumnView.swift in Sources */,
				48EE94C51E4E119C005199CA /* ViewController.swift in Sources */,
				48BB8A7A1E5A2BF900FB13C2 /* DemoColumns.swift in Sources */,
				48EE94F31E4E178D005199CA /* Sizable.swift in Sources */,
				48BB8A7C1E5A2CB700FB13C2 /* DemoLabelController.swift in Sources */,
				48BB8A781E5A1BFE00FB13C2 /* NSLayoutConstraint+Multiplier.swift in Sources */,
				48EE94C31E4E119C005199CA /* AppDelegate.swift in Sources */,
			);
			runOnlyForDeploymentPostprocessing = 0;
		};
		48EE94CF1E4E119C005199CA /* Sources */ = {
			isa = PBXSourcesBuildPhase;
			buildActionMask = 2147483647;
			files = (
				48EE94D81E4E119C005199CA /* ColumnViewTests.swift in Sources */,
			);
			runOnlyForDeploymentPostprocessing = 0;
		};
		48EE94DA1E4E119C005199CA /* Sources */ = {
			isa = PBXSourcesBuildPhase;
			buildActionMask = 2147483647;
			files = (
				48EE94E31E4E119C005199CA /* ColumnViewUITests.swift in Sources */,
			);
			runOnlyForDeploymentPostprocessing = 0;
		};
/* End PBXSourcesBuildPhase section */

/* Begin PBXTargetDependency section */
		48EE94D51E4E119C005199CA /* PBXTargetDependency */ = {
			isa = PBXTargetDependency;
			target = 48EE94BE1E4E119C005199CA /* ColumnView */;
			targetProxy = 48EE94D41E4E119C005199CA /* PBXContainerItemProxy */;
		};
		48EE94E01E4E119C005199CA /* PBXTargetDependency */ = {
			isa = PBXTargetDependency;
			target = 48EE94BE1E4E119C005199CA /* ColumnView */;
			targetProxy = 48EE94DF1E4E119C005199CA /* PBXContainerItemProxy */;
		};
/* End PBXTargetDependency section */

/* Begin PBXVariantGroup section */
		48EE94C61E4E119C005199CA /* Main.storyboard */ = {
			isa = PBXVariantGroup;
			children = (
				48EE94C71E4E119C005199CA /* Base */,
			);
			name = Main.storyboard;
			sourceTree = "<group>";
		};
		48EE94CB1E4E119C005199CA /* LaunchScreen.storyboard */ = {
			isa = PBXVariantGroup;
			children = (
				48EE94CC1E4E119C005199CA /* Base */,
			);
			name = LaunchScreen.storyboard;
			sourceTree = "<group>";
		};
/* End PBXVariantGroup section */

/* Begin XCBuildConfiguration section */
		48EE94E51E4E119C005199CA /* Debug */ = {
			isa = XCBuildConfiguration;
			buildSettings = {
				ALWAYS_SEARCH_USER_PATHS = NO;
				CLANG_ANALYZER_NONNULL = YES;
				CLANG_ANALYZER_NUMBER_OBJECT_CONVERSION = YES_AGGRESSIVE;
				CLANG_CXX_LANGUAGE_STANDARD = "gnu++0x";
				CLANG_CXX_LIBRARY = "libc++";
				CLANG_ENABLE_MODULES = YES;
				CLANG_ENABLE_OBJC_ARC = YES;
				CLANG_WARN_BOOL_CONVERSION = YES;
				CLANG_WARN_CONSTANT_CONVERSION = YES;
				CLANG_WARN_DIRECT_OBJC_ISA_USAGE = YES_ERROR;
				CLANG_WARN_DOCUMENTATION_COMMENTS = YES;
				CLANG_WARN_EMPTY_BODY = YES;
				CLANG_WARN_ENUM_CONVERSION = YES;
				CLANG_WARN_INFINITE_RECURSION = YES;
				CLANG_WARN_INT_CONVERSION = YES;
				CLANG_WARN_OBJC_ROOT_CLASS = YES_ERROR;
				CLANG_WARN_SUSPICIOUS_MOVE = YES;
				CLANG_WARN_UNREACHABLE_CODE = YES;
				CLANG_WARN__DUPLICATE_METHOD_MATCH = YES;
				"CODE_SIGN_IDENTITY[sdk=iphoneos*]" = "iPhone Developer";
				COPY_PHASE_STRIP = NO;
				DEBUG_INFORMATION_FORMAT = dwarf;
				ENABLE_STRICT_OBJC_MSGSEND = YES;
				ENABLE_TESTABILITY = YES;
				GCC_C_LANGUAGE_STANDARD = gnu99;
				GCC_DYNAMIC_NO_PIC = NO;
				GCC_NO_COMMON_BLOCKS = YES;
				GCC_OPTIMIZATION_LEVEL = 0;
				GCC_PREPROCESSOR_DEFINITIONS = (
					"DEBUG=1",
					"$(inherited)",
				);
				GCC_WARN_64_TO_32_BIT_CONVERSION = YES;
				GCC_WARN_ABOUT_RETURN_TYPE = YES_ERROR;
				GCC_WARN_UNDECLARED_SELECTOR = YES;
				GCC_WARN_UNINITIALIZED_AUTOS = YES_AGGRESSIVE;
				GCC_WARN_UNUSED_FUNCTION = YES;
				GCC_WARN_UNUSED_VARIABLE = YES;
				IPHONEOS_DEPLOYMENT_TARGET = 10.3;
				MTL_ENABLE_DEBUG_INFO = YES;
				ONLY_ACTIVE_ARCH = YES;
				SDKROOT = iphoneos;
				SWIFT_ACTIVE_COMPILATION_CONDITIONS = DEBUG;
				SWIFT_OPTIMIZATION_LEVEL = "-Onone";
				TARGETED_DEVICE_FAMILY = "1,2";
			};
			name = Debug;
		};
		48EE94E61E4E119C005199CA /* Release */ = {
			isa = XCBuildConfiguration;
			buildSettings = {
				ALWAYS_SEARCH_USER_PATHS = NO;
				CLANG_ANALYZER_NONNULL = YES;
				CLANG_ANALYZER_NUMBER_OBJECT_CONVERSION = YES_AGGRESSIVE;
				CLANG_CXX_LANGUAGE_STANDARD = "gnu++0x";
				CLANG_CXX_LIBRARY = "libc++";
				CLANG_ENABLE_MODULES = YES;
				CLANG_ENABLE_OBJC_ARC = YES;
				CLANG_WARN_BOOL_CONVERSION = YES;
				CLANG_WARN_CONSTANT_CONVERSION = YES;
				CLANG_WARN_DIRECT_OBJC_ISA_USAGE = YES_ERROR;
				CLANG_WARN_DOCUMENTATION_COMMENTS = YES;
				CLANG_WARN_EMPTY_BODY = YES;
				CLANG_WARN_ENUM_CONVERSION = YES;
				CLANG_WARN_INFINITE_RECURSION = YES;
				CLANG_WARN_INT_CONVERSION = YES;
				CLANG_WARN_OBJC_ROOT_CLASS = YES_ERROR;
				CLANG_WARN_SUSPICIOUS_MOVE = YES;
				CLANG_WARN_UNREACHABLE_CODE = YES;
				CLANG_WARN__DUPLICATE_METHOD_MATCH = YES;
				"CODE_SIGN_IDENTITY[sdk=iphoneos*]" = "iPhone Developer";
				COPY_PHASE_STRIP = NO;
				DEBUG_INFORMATION_FORMAT = "dwarf-with-dsym";
				ENABLE_NS_ASSERTIONS = NO;
				ENABLE_STRICT_OBJC_MSGSEND = YES;
				GCC_C_LANGUAGE_STANDARD = gnu99;
				GCC_NO_COMMON_BLOCKS = YES;
				GCC_WARN_64_TO_32_BIT_CONVERSION = YES;
				GCC_WARN_ABOUT_RETURN_TYPE = YES_ERROR;
				GCC_WARN_UNDECLARED_SELECTOR = YES;
				GCC_WARN_UNINITIALIZED_AUTOS = YES_AGGRESSIVE;
				GCC_WARN_UNUSED_FUNCTION = YES;
				GCC_WARN_UNUSED_VARIABLE = YES;
				IPHONEOS_DEPLOYMENT_TARGET = 10.3;
				MTL_ENABLE_DEBUG_INFO = NO;
				SDKROOT = iphoneos;
				SWIFT_OPTIMIZATION_LEVEL = "-Owholemodule";
				TARGETED_DEVICE_FAMILY = "1,2";
				VALIDATE_PRODUCT = YES;
			};
			name = Release;
		};
		48EE94E81E4E119C005199CA /* Debug */ = {
			isa = XCBuildConfiguration;
			buildSettings = {
				ASSETCATALOG_COMPILER_APPICON_NAME = AppIcon;
				DEVELOPMENT_TEAM = 34S7DCU8S9;
				INFOPLIST_FILE = ColumnView/Info.plist;
				LD_RUNPATH_SEARCH_PATHS = "$(inherited) @executable_path/Frameworks";
				PRODUCT_BUNDLE_IDENTIFIER = nl.stegman.ColumnView;
				PRODUCT_NAME = "$(TARGET_NAME)";
				SWIFT_VERSION = 3.0;
				TARGETED_DEVICE_FAMILY = 2;
			};
			name = Debug;
		};
		48EE94E91E4E119C005199CA /* Release */ = {
			isa = XCBuildConfiguration;
			buildSettings = {
				ASSETCATALOG_COMPILER_APPICON_NAME = AppIcon;
				DEVELOPMENT_TEAM = 34S7DCU8S9;
				INFOPLIST_FILE = ColumnView/Info.plist;
				LD_RUNPATH_SEARCH_PATHS = "$(inherited) @executable_path/Frameworks";
				PRODUCT_BUNDLE_IDENTIFIER = nl.stegman.ColumnView;
				PRODUCT_NAME = "$(TARGET_NAME)";
				SWIFT_VERSION = 3.0;
				TARGETED_DEVICE_FAMILY = 2;
			};
			name = Release;
		};
		48EE94EB1E4E119C005199CA /* Debug */ = {
			isa = XCBuildConfiguration;
			buildSettings = {
				ALWAYS_EMBED_SWIFT_STANDARD_LIBRARIES = YES;
				BUNDLE_LOADER = "$(TEST_HOST)";
				DEVELOPMENT_TEAM = 34S7DCU8S9;
				INFOPLIST_FILE = ColumnViewTests/Info.plist;
				LD_RUNPATH_SEARCH_PATHS = "$(inherited) @executable_path/Frameworks @loader_path/Frameworks";
				PRODUCT_BUNDLE_IDENTIFIER = nl.stegman.ColumnViewTests;
				PRODUCT_NAME = "$(TARGET_NAME)";
				SWIFT_VERSION = 3.0;
				TEST_HOST = "$(BUILT_PRODUCTS_DIR)/ColumnView.app/ColumnView";
			};
			name = Debug;
		};
		48EE94EC1E4E119C005199CA /* Release */ = {
			isa = XCBuildConfiguration;
			buildSettings = {
				ALWAYS_EMBED_SWIFT_STANDARD_LIBRARIES = YES;
				BUNDLE_LOADER = "$(TEST_HOST)";
				DEVELOPMENT_TEAM = 34S7DCU8S9;
				INFOPLIST_FILE = ColumnViewTests/Info.plist;
				LD_RUNPATH_SEARCH_PATHS = "$(inherited) @executable_path/Frameworks @loader_path/Frameworks";
				PRODUCT_BUNDLE_IDENTIFIER = nl.stegman.ColumnViewTests;
				PRODUCT_NAME = "$(TARGET_NAME)";
				SWIFT_VERSION = 3.0;
				TEST_HOST = "$(BUILT_PRODUCTS_DIR)/ColumnView.app/ColumnView";
			};
			name = Release;
		};
		48EE94EE1E4E119C005199CA /* Debug */ = {
			isa = XCBuildConfiguration;
			buildSettings = {
				ALWAYS_EMBED_SWIFT_STANDARD_LIBRARIES = YES;
				DEVELOPMENT_TEAM = 34S7DCU8S9;
				INFOPLIST_FILE = ColumnViewUITests/Info.plist;
				LD_RUNPATH_SEARCH_PATHS = "$(inherited) @executable_path/Frameworks @loader_path/Frameworks";
				PRODUCT_BUNDLE_IDENTIFIER = nl.stegman.ColumnViewUITests;
				PRODUCT_NAME = "$(TARGET_NAME)";
				SWIFT_VERSION = 3.0;
				TEST_TARGET_NAME = ColumnView;
			};
			name = Debug;
		};
		48EE94EF1E4E119C005199CA /* Release */ = {
			isa = XCBuildConfiguration;
			buildSettings = {
				ALWAYS_EMBED_SWIFT_STANDARD_LIBRARIES = YES;
				DEVELOPMENT_TEAM = 34S7DCU8S9;
				INFOPLIST_FILE = ColumnViewUITests/Info.plist;
				LD_RUNPATH_SEARCH_PATHS = "$(inherited) @executable_path/Frameworks @loader_path/Frameworks";
				PRODUCT_BUNDLE_IDENTIFIER = nl.stegman.ColumnViewUITests;
				PRODUCT_NAME = "$(TARGET_NAME)";
				SWIFT_VERSION = 3.0;
				TEST_TARGET_NAME = ColumnView;
			};
			name = Release;
		};
/* End XCBuildConfiguration section */

/* Begin XCConfigurationList section */
		48EE94BA1E4E119C005199CA /* Build configuration list for PBXProject "ColumnView" */ = {
			isa = XCConfigurationList;
			buildConfigurations = (
				48EE94E51E4E119C005199CA /* Debug */,
				48EE94E61E4E119C005199CA /* Release */,
			);
			defaultConfigurationIsVisible = 0;
			defaultConfigurationName = Release;
		};
		48EE94E71E4E119C005199CA /* Build configuration list for PBXNativeTarget "ColumnView" */ = {
			isa = XCConfigurationList;
			buildConfigurations = (
				48EE94E81E4E119C005199CA /* Debug */,
				48EE94E91E4E119C005199CA /* Release */,
			);
			defaultConfigurationIsVisible = 0;
			defaultConfigurationName = Release;
		};
		48EE94EA1E4E119C005199CA /* Build configuration list for PBXNativeTarget "ColumnViewTests" */ = {
			isa = XCConfigurationList;
			buildConfigurations = (
				48EE94EB1E4E119C005199CA /* Debug */,
				48EE94EC1E4E119C005199CA /* Release */,
			);
			defaultConfigurationIsVisible = 0;
			defaultConfigurationName = Release;
		};
		48EE94ED1E4E119C005199CA /* Build configuration list for PBXNativeTarget "ColumnViewUITests" */ = {
			isa = XCConfigurationList;
			buildConfigurations = (
				48EE94EE1E4E119C005199CA /* Debug */,
				48EE94EF1E4E119C005199CA /* Release */,
			);
			defaultConfigurationIsVisible = 0;
			defaultConfigurationName = Release;
		};
/* End XCConfigurationList section */
	};
	rootObject = 48EE94B71E4E119C005199CA /* Project object */;
}
